# This file is automatically @generated by tinymist.
# It is not intended for manual editing.
version = "0.1.0-beta0"

[[document]]
id = "file:pds-plano-de-aula-2026.typ"
inputs = []
main = "file:pds-plano-de-aula-2026.typ"
root = "file:."
system-fonts = true

[[route]]
id = "file:pds-plano-de-aula-2026.typ"
priority = 256
